
Microsoft Visual Studio Solution File, Format Version 12.00
# Visual Studio 15
VisualStudioVersion = 15.0.28307.572
MinimumVisualStudioVersion = 10.0.40219.1
Project("{FAE04EC0-301F-11D3-BF4B-00C04F79EFBC}") = "RandomNumberGeneratorBubble", "RandomNumberGeneratorBubble\RandomNumberGeneratorBubble.csproj", "{72903A1D-C6CB-432A-BD30-123FA8F6757F}"
EndProject
Global
	GlobalSection(SolutionConfigurationPlatforms) = preSolution
		Debug|Any CPU = Debug|Any CPU
		Release|Any CPU = Release|Any CPU
	EndGlobalSection
	GlobalSection(ProjectConfigurationPlatforms) = postSolution
		{72903A1D-C6CB-432A-BD30-123FA8F6757F}.Debug|Any CPU.ActiveCfg = Debug|Any CPU
		{72903A1D-C6CB-432A-BD30-123FA8F6757F}.Debug|Any CPU.Build.0 = Debug|Any CPU
		{72903A1D-C6CB-432A-BD30-123FA8F6757F}.Release|Any CPU.ActiveCfg = Release|Any CPU
		{72903A1D-C6CB-432A-BD30-123FA8F6757F}.Release|Any CPU.Build.0 = Release|Any CPU
	EndGlobalSection
	GlobalSection(SolutionProperties) = preSolution
		HideSolutionNode = FALSE
	EndGlobalSection
	GlobalSection(ExtensibilityGlobals) = postSolution
		SolutionGuid = {35EB8A54-30A4-406A-B834-D6CB95A0EC57}
	EndGlobalSection
EndGlobal
